{
  "name": "family-office-tracker",
  "lockfileVersion": 3,
  "requires": true,
  "packages": {
    "": {
      "name": "family-office-tracker",
      "workspaces": [
        "packages/*",
        "apps/*"
      ]
    },
    "apps/cli": {
      "name": "@family-office-tracker/cli",
      "version": "0.1.0"
    },
    "node_modules/@family-office-tracker/cli": {
      "resolved": "apps/cli",
      "link": true
    },
    "node_modules/@family-office-tracker/core": {
      "resolved": "packages/core",
      "link": true
    },
    "packages/core": {
      "name": "@family-office-tracker/core",
      "version": "0.1.0"
    }
  }
}
